{
  "version": 4,
  "terraform_version": "1.6.0",
  "serial": 18,
  "lineage": "43e6f28d-fe3a-30c4-37a1-0375799d3fc1",
  "outputs": {
    "kube_master_public_ip": {
      "value": "34.151.198.8",
      "type": "string"
    }
  },
  "resources": [
    {
      "mode": "managed",
      "type": "google_compute_firewall",
      "name": "allow_access_from_iap",
      "provider": "provider[\"registry.terraform.io/hashicorp/google\"]",
      "instances": [
        {
          "schema_version": 1,
          "attributes": {
            "allow": [
              {
                "ports": [],
                "protocol": "tcp"
              }
            ],
            "creation_timestamp": "2023-11-14T05:53:48.019-08:00",
            "deny": [],
            "description": "",
            "destination_ranges": [],
            "direction": "INGRESS",
            "disabled": false,
            "enable_logging": null,
            "id": "projects/lab-4linux-cka/global/firewalls/allow-access-from-iap",
            "log_config": [],
            "name": "allow-access-from-iap",
            "network": "https://www.googleapis.com/compute/v1/projects/lab-4linux-cka/global/networks/cka-4linux",
            "priority": 1000,
            "project": "lab-4linux-cka",
            "self_link": "https://www.googleapis.com/compute/v1/projects/lab-4linux-cka/global/firewalls/allow-access-from-iap",
            "source_ranges": [
              "35.235.240.0/20"
            ],
            "source_service_accounts": [],
            "source_tags": [],
            "target_service_accounts": [],
            "target_tags": [],
            "timeouts": null
          },
          "sensitive_attributes": [],
          "private": "eyJlMmJmYjczMC1lY2FhLTExZTYtOGY4OC0zNDM2M2JjN2M0YzAiOnsiY3JlYXRlIjoxMjAwMDAwMDAwMDAwLCJkZWxldGUiOjEyMDAwMDAwMDAwMDAsInVwZGF0ZSI6MTIwMDAwMDAwMDAwMH0sInNjaGVtYV92ZXJzaW9uIjoiMSJ9",
          "dependencies": [
            "google_compute_network.vpc"
          ]
        }
      ]
    },
    {
      "mode": "managed",
      "type": "google_compute_firewall",
      "name": "allow_default",
      "provider": "provider[\"registry.terraform.io/hashicorp/google\"]",
      "instances": [
        {
          "schema_version": 1,
          "attributes": {
            "allow": [
              {
                "ports": [],
                "protocol": "icmp"
              }
            ],
            "creation_timestamp": "2023-11-14T05:53:47.314-08:00",
            "deny": [],
            "description": "",
            "destination_ranges": [],
            "direction": "INGRESS",
            "disabled": false,
            "enable_logging": null,
            "id": "projects/lab-4linux-cka/global/firewalls/allow-default",
            "log_config": [],
            "name": "allow-default",
            "network": "https://www.googleapis.com/compute/v1/projects/lab-4linux-cka/global/networks/cka-4linux",
            "priority": 1000,
            "project": "lab-4linux-cka",
            "self_link": "https://www.googleapis.com/compute/v1/projects/lab-4linux-cka/global/firewalls/allow-default",
            "source_ranges": [
              "0.0.0.0/0"
            ],
            "source_service_accounts": [],
            "source_tags": [],
            "target_service_accounts": [],
            "target_tags": [],
            "timeouts": null
          },
          "sensitive_attributes": [],
          "private": "eyJlMmJmYjczMC1lY2FhLTExZTYtOGY4OC0zNDM2M2JjN2M0YzAiOnsiY3JlYXRlIjoxMjAwMDAwMDAwMDAwLCJkZWxldGUiOjEyMDAwMDAwMDAwMDAsInVwZGF0ZSI6MTIwMDAwMDAwMDAwMH0sInNjaGVtYV92ZXJzaW9uIjoiMSJ9",
          "dependencies": [
            "google_compute_network.vpc"
          ]
        }
      ]
    },
    {
      "mode": "managed",
      "type": "google_compute_firewall",
      "name": "allow_internal",
      "provider": "provider[\"registry.terraform.io/hashicorp/google\"]",
      "instances": [
        {
          "schema_version": 1,
          "attributes": {
            "allow": [
              {
                "ports": [
                  "0-65535"
                ],
                "protocol": "tcp"
              },
              {
                "ports": [
                  "0-65535"
                ],
                "protocol": "udp"
              },
              {
                "ports": [],
                "protocol": "icmp"
              }
            ],
            "creation_timestamp": "2023-11-14T05:53:47.347-08:00",
            "deny": [],
            "description": "",
            "destination_ranges": [],
            "direction": "INGRESS",
            "disabled": false,
            "enable_logging": null,
            "id": "projects/lab-4linux-cka/global/firewalls/allow-internal",
            "log_config": [],
            "name": "allow-internal",
            "network": "https://www.googleapis.com/compute/v1/projects/lab-4linux-cka/global/networks/cka-4linux",
            "priority": 65534,
            "project": "lab-4linux-cka",
            "self_link": "https://www.googleapis.com/compute/v1/projects/lab-4linux-cka/global/firewalls/allow-internal",
            "source_ranges": [
              "172.16.1.0/24"
            ],
            "source_service_accounts": [],
            "source_tags": [],
            "target_service_accounts": [],
            "target_tags": [],
            "timeouts": null
          },
          "sensitive_attributes": [],
          "private": "eyJlMmJmYjczMC1lY2FhLTExZTYtOGY4OC0zNDM2M2JjN2M0YzAiOnsiY3JlYXRlIjoxMjAwMDAwMDAwMDAwLCJkZWxldGUiOjEyMDAwMDAwMDAwMDAsInVwZGF0ZSI6MTIwMDAwMDAwMDAwMH0sInNjaGVtYV92ZXJzaW9uIjoiMSJ9",
          "dependencies": [
            "google_compute_network.vpc"
          ]
        }
      ]
    },
    {
      "mode": "managed",
      "type": "google_compute_firewall",
      "name": "allow_tjba",
      "provider": "provider[\"registry.terraform.io/hashicorp/google\"]",
      "instances": [
        {
          "schema_version": 1,
          "attributes": {
            "allow": [
              {
                "ports": [],
                "protocol": "all"
              }
            ],
            "creation_timestamp": "2023-11-14T07:27:25.122-08:00",
            "deny": [],
            "description": "",
            "destination_ranges": [],
            "direction": "INGRESS",
            "disabled": false,
            "enable_logging": null,
            "id": "projects/lab-4linux-cka/global/firewalls/allow-tjba",
            "log_config": [],
            "name": "allow-tjba",
            "network": "https://www.googleapis.com/compute/v1/projects/lab-4linux-cka/global/networks/cka-4linux",
            "priority": 1000,
            "project": "lab-4linux-cka",
            "self_link": "https://www.googleapis.com/compute/v1/projects/lab-4linux-cka/global/firewalls/allow-tjba",
            "source_ranges": [
              "168.228.243.22/32",
              "168.228.243.29/32",
              "191.178.108.46/32"
            ],
            "source_service_accounts": null,
            "source_tags": null,
            "target_service_accounts": null,
            "target_tags": null,
            "timeouts": null
          },
          "sensitive_attributes": [],
          "private": "eyJlMmJmYjczMC1lY2FhLTExZTYtOGY4OC0zNDM2M2JjN2M0YzAiOnsiY3JlYXRlIjoxMjAwMDAwMDAwMDAwLCJkZWxldGUiOjEyMDAwMDAwMDAwMDAsInVwZGF0ZSI6MTIwMDAwMDAwMDAwMH0sInNjaGVtYV92ZXJzaW9uIjoiMSJ9",
          "dependencies": [
            "google_compute_network.vpc"
          ]
        }
      ]
    },
    {
      "mode": "managed",
      "type": "google_compute_instance",
      "name": "kube_master",
      "provider": "provider[\"registry.terraform.io/hashicorp/google\"]",
      "instances": [
        {
          "schema_version": 6,
          "attributes": {
            "advanced_machine_features": [],
            "allow_stopping_for_update": true,
            "attached_disk": [],
            "boot_disk": [
              {
                "auto_delete": true,
                "device_name": "persistent-disk-0",
                "disk_encryption_key_raw": "",
                "disk_encryption_key_sha256": "",
                "initialize_params": [
                  {
                    "image": "https://www.googleapis.com/compute/v1/projects/ubuntu-os-cloud/global/images/ubuntu-2004-focal-v20231101",
                    "labels": {},
                    "resource_manager_tags": {},
                    "size": 10,
                    "type": "pd-standard"
                  }
                ],
                "kms_key_self_link": "",
                "mode": "READ_WRITE",
                "source": "https://www.googleapis.com/compute/v1/projects/lab-4linux-cka/zones/southamerica-east1-c/disks/kube-master"
              }
            ],
            "can_ip_forward": false,
            "confidential_instance_config": [],
            "cpu_platform": "Intel Broadwell",
            "current_status": "RUNNING",
            "deletion_protection": false,
            "description": "",
            "desired_status": null,
            "effective_labels": {},
            "enable_display": false,
            "guest_accelerator": [],
            "hostname": "",
            "id": "projects/lab-4linux-cka/zones/southamerica-east1-c/instances/kube-master",
            "instance_id": "2341294668861287945",
            "label_fingerprint": "42WmSpB8rSM=",
            "labels": {},
            "machine_type": "e2-medium",
            "metadata": {},
            "metadata_fingerprint": "VO1-apAs4do=",
            "metadata_startup_script": null,
            "min_cpu_platform": "",
            "name": "kube-master",
            "network_interface": [
              {
                "access_config": [
                  {
                    "nat_ip": "34.151.198.8",
                    "network_tier": "PREMIUM",
                    "public_ptr_domain_name": ""
                  }
                ],
                "alias_ip_range": [],
                "internal_ipv6_prefix_length": 0,
                "ipv6_access_config": [],
                "ipv6_access_type": "",
                "ipv6_address": "",
                "name": "nic0",
                "network": "https://www.googleapis.com/compute/v1/projects/lab-4linux-cka/global/networks/cka-4linux",
                "network_ip": "172.16.1.100",
                "nic_type": "",
                "queue_count": 0,
                "stack_type": "IPV4_ONLY",
                "subnetwork": "https://www.googleapis.com/compute/v1/projects/lab-4linux-cka/regions/southamerica-east1/subnetworks/cka-4linux-br",
                "subnetwork_project": "lab-4linux-cka"
              }
            ],
            "network_performance_config": [],
            "params": [],
            "project": "lab-4linux-cka",
            "reservation_affinity": [],
            "resource_policies": [
              "https://www.googleapis.com/compute/v1/projects/lab-4linux-cka/regions/southamerica-east1/resourcePolicies/gce-policy"
            ],
            "scheduling": [
              {
                "automatic_restart": true,
                "instance_termination_action": "",
                "local_ssd_recovery_timeout": [],
                "min_node_cpus": 0,
                "node_affinities": [],
                "on_host_maintenance": "MIGRATE",
                "preemptible": false,
                "provisioning_model": "STANDARD"
              }
            ],
            "scratch_disk": [],
            "self_link": "https://www.googleapis.com/compute/v1/projects/lab-4linux-cka/zones/southamerica-east1-c/instances/kube-master",
            "service_account": [],
            "shielded_instance_config": [
              {
                "enable_integrity_monitoring": true,
                "enable_secure_boot": false,
                "enable_vtpm": true
              }
            ],
            "tags": [],
            "tags_fingerprint": "42WmSpB8rSM=",
            "terraform_labels": {},
            "timeouts": null,
            "zone": "southamerica-east1-c"
          },
          "sensitive_attributes": [],
          "private": "eyJlMmJmYjczMC1lY2FhLTExZTYtOGY4OC0zNDM2M2JjN2M0YzAiOnsiY3JlYXRlIjoxMjAwMDAwMDAwMDAwLCJkZWxldGUiOjEyMDAwMDAwMDAwMDAsInVwZGF0ZSI6MTIwMDAwMDAwMDAwMH0sInNjaGVtYV92ZXJzaW9uIjoiNiJ9",
          "dependencies": [
            "google_compute_network.vpc",
            "google_compute_resource_policy.daily",
            "google_compute_subnetwork.subnet_sp"
          ]
        }
      ]
    },
    {
      "mode": "managed",
      "type": "google_compute_network",
      "name": "vpc",
      "provider": "provider[\"registry.terraform.io/hashicorp/google\"]",
      "instances": [
        {
          "schema_version": 0,
          "attributes": {
            "auto_create_subnetworks": false,
            "delete_default_routes_on_create": false,
            "description": "",
            "enable_ula_internal_ipv6": false,
            "gateway_ipv4": "",
            "id": "projects/lab-4linux-cka/global/networks/cka-4linux",
            "internal_ipv6_range": "",
            "mtu": 0,
            "name": "cka-4linux",
            "network_firewall_policy_enforcement_order": "AFTER_CLASSIC_FIREWALL",
            "project": "lab-4linux-cka",
            "routing_mode": "REGIONAL",
            "self_link": "https://www.googleapis.com/compute/v1/projects/lab-4linux-cka/global/networks/cka-4linux",
            "timeouts": null
          },
          "sensitive_attributes": [],
          "private": "eyJlMmJmYjczMC1lY2FhLTExZTYtOGY4OC0zNDM2M2JjN2M0YzAiOnsiY3JlYXRlIjoxMjAwMDAwMDAwMDAwLCJkZWxldGUiOjEyMDAwMDAwMDAwMDAsInVwZGF0ZSI6MTIwMDAwMDAwMDAwMH19"
        }
      ]
    },
    {
      "mode": "managed",
      "type": "google_compute_project_metadata",
      "name": "ansible_key",
      "provider": "provider[\"registry.terraform.io/hashicorp/google\"]",
      "instances": [
        {
          "schema_version": 0,
          "attributes": {
            "id": "lab-4linux-cka",
            "metadata": {
              "ssh-keys": "      ssh-rsa AAAAB3NzaC1yc2EAAAADAQABAAABAQDSndD52NPag+Tq2H9BHO2xcwnOyeeWqxnEGtzZ76jbxwm4c/yg0Uu4uFCm57GV0+EbjfHvOdBCUB2FlTqlfInuL9A5oO5X9d7TbPVWOX0MIfkxhIpWkv5UBiCG49sFrjuhrdxM3nI9sSCY5nbcb552hr8HXnXAY5pGtJM/f46HQvgwF5aJ+2Yq9/WgzUpGMDvcXFt/sZXNKefL5sgQE04iY3FIRIP+du8kRRVvsWF/KS8ojp+ZBnUpLslc3SzLB2f6yDtG0kSaZscKamdgELQE0AZlCJSFhnhOIWU0RbN7KCTMSmSs7m3X3YZe/1sXe5ItZ0jEKqdZIUgSbcdr6A+5 ansible\n"
            },
            "project": "lab-4linux-cka",
            "timeouts": null
          },
          "sensitive_attributes": [],
          "private": "eyJlMmJmYjczMC1lY2FhLTExZTYtOGY4OC0zNDM2M2JjN2M0YzAiOnsiY3JlYXRlIjoyNDAwMDAwMDAwMDAsImRlbGV0ZSI6MjQwMDAwMDAwMDAwfX0="
        }
      ]
    },
    {
      "mode": "managed",
      "type": "google_compute_resource_policy",
      "name": "daily",
      "provider": "provider[\"registry.terraform.io/hashicorp/google\"]",
      "instances": [
        {
          "schema_version": 0,
          "attributes": {
            "description": "Stop instances",
            "disk_consistency_group_policy": [],
            "group_placement_policy": [],
            "id": "projects/lab-4linux-cka/regions/southamerica-east1/resourcePolicies/gce-policy",
            "instance_schedule_policy": [
              {
                "expiration_time": "",
                "start_time": "",
                "time_zone": "America/Bahia",
                "vm_start_schedule": [],
                "vm_stop_schedule": [
                  {
                    "schedule": "00 23 * * *"
                  }
                ]
              }
            ],
            "name": "gce-policy",
            "project": "lab-4linux-cka",
            "region": "southamerica-east1",
            "self_link": "https://www.googleapis.com/compute/v1/projects/lab-4linux-cka/regions/southamerica-east1/resourcePolicies/gce-policy",
            "snapshot_schedule_policy": [],
            "timeouts": null
          },
          "sensitive_attributes": [],
          "private": "eyJlMmJmYjczMC1lY2FhLTExZTYtOGY4OC0zNDM2M2JjN2M0YzAiOnsiY3JlYXRlIjoxMjAwMDAwMDAwMDAwLCJkZWxldGUiOjEyMDAwMDAwMDAwMDB9fQ=="
        }
      ]
    },
    {
      "mode": "managed",
      "type": "google_compute_router",
      "name": "router",
      "provider": "provider[\"registry.terraform.io/hashicorp/google\"]",
      "instances": [
        {
          "schema_version": 0,
          "attributes": {
            "bgp": [
              {
                "advertise_mode": "DEFAULT",
                "advertised_groups": [],
                "advertised_ip_ranges": [],
                "asn": 64514,
                "keepalive_interval": 20
              }
            ],
            "creation_timestamp": "2023-11-14T05:54:13.440-08:00",
            "description": "",
            "encrypted_interconnect_router": false,
            "id": "projects/lab-4linux-cka/regions/southamerica-east1/routers/cka-4linux--router",
            "name": "cka-4linux--router",
            "network": "https://www.googleapis.com/compute/v1/projects/lab-4linux-cka/global/networks/cka-4linux",
            "project": "lab-4linux-cka",
            "region": "southamerica-east1",
            "self_link": "https://www.googleapis.com/compute/v1/projects/lab-4linux-cka/regions/southamerica-east1/routers/cka-4linux--router",
            "timeouts": null
          },
          "sensitive_attributes": [],
          "private": "eyJlMmJmYjczMC1lY2FhLTExZTYtOGY4OC0zNDM2M2JjN2M0YzAiOnsiY3JlYXRlIjoxMjAwMDAwMDAwMDAwLCJkZWxldGUiOjEyMDAwMDAwMDAwMDAsInVwZGF0ZSI6MTIwMDAwMDAwMDAwMH19",
          "dependencies": [
            "google_compute_network.vpc",
            "google_compute_subnetwork.subnet_sp"
          ]
        }
      ]
    },
    {
      "mode": "managed",
      "type": "google_compute_router_nat",
      "name": "nat",
      "provider": "provider[\"registry.terraform.io/hashicorp/google\"]",
      "instances": [
        {
          "schema_version": 0,
          "attributes": {
            "drain_nat_ips": [],
            "enable_dynamic_port_allocation": false,
            "enable_endpoint_independent_mapping": false,
            "icmp_idle_timeout_sec": 30,
            "id": "lab-4linux-cka/southamerica-east1/cka-4linux--router/my-router-nat",
            "log_config": [],
            "max_ports_per_vm": 0,
            "min_ports_per_vm": 0,
            "name": "my-router-nat",
            "nat_ip_allocate_option": "AUTO_ONLY",
            "nat_ips": [],
            "project": "lab-4linux-cka",
            "region": "southamerica-east1",
            "router": "cka-4linux--router",
            "rules": [],
            "source_subnetwork_ip_ranges_to_nat": "ALL_SUBNETWORKS_ALL_IP_RANGES",
            "subnetwork": [],
            "tcp_established_idle_timeout_sec": 1200,
            "tcp_time_wait_timeout_sec": 120,
            "tcp_transitory_idle_timeout_sec": 30,
            "timeouts": null,
            "udp_idle_timeout_sec": 30
          },
          "sensitive_attributes": [],
          "private": "eyJlMmJmYjczMC1lY2FhLTExZTYtOGY4OC0zNDM2M2JjN2M0YzAiOnsiY3JlYXRlIjoxMjAwMDAwMDAwMDAwLCJkZWxldGUiOjEyMDAwMDAwMDAwMDAsInVwZGF0ZSI6MTIwMDAwMDAwMDAwMH19",
          "dependencies": [
            "google_compute_network.vpc",
            "google_compute_router.router",
            "google_compute_subnetwork.subnet_sp"
          ]
        }
      ]
    },
    {
      "mode": "managed",
      "type": "google_compute_subnetwork",
      "name": "subnet_sp",
      "provider": "provider[\"registry.terraform.io/hashicorp/google\"]",
      "instances": [
        {
          "schema_version": 0,
          "attributes": {
            "creation_timestamp": "2023-11-14T05:53:49.739-08:00",
            "description": "",
            "external_ipv6_prefix": "",
            "fingerprint": null,
            "gateway_address": "172.16.1.1",
            "id": "projects/lab-4linux-cka/regions/southamerica-east1/subnetworks/cka-4linux-br",
            "internal_ipv6_prefix": "",
            "ip_cidr_range": "172.16.1.0/24",
            "ipv6_access_type": "",
            "ipv6_cidr_range": "",
            "log_config": [],
            "name": "cka-4linux-br",
            "network": "https://www.googleapis.com/compute/v1/projects/lab-4linux-cka/global/networks/cka-4linux",
            "private_ip_google_access": false,
            "private_ipv6_google_access": "DISABLE_GOOGLE_ACCESS",
            "project": "lab-4linux-cka",
            "purpose": "PRIVATE",
            "region": "southamerica-east1",
            "role": "",
            "secondary_ip_range": [],
            "self_link": "https://www.googleapis.com/compute/v1/projects/lab-4linux-cka/regions/southamerica-east1/subnetworks/cka-4linux-br",
            "stack_type": "IPV4_ONLY",
            "timeouts": null
          },
          "sensitive_attributes": [],
          "private": "eyJlMmJmYjczMC1lY2FhLTExZTYtOGY4OC0zNDM2M2JjN2M0YzAiOnsiY3JlYXRlIjoxMjAwMDAwMDAwMDAwLCJkZWxldGUiOjEyMDAwMDAwMDAwMDAsInVwZGF0ZSI6MTIwMDAwMDAwMDAwMH19",
          "dependencies": [
            "google_compute_network.vpc"
          ]
        }
      ]
    }
  ],
  "check_results": null
}
